
Microsoft Visual Studio Solution File, Format Version 12.00
# Visual Studio 2013
VisualStudioVersion = 12.0.31101.0
MinimumVisualStudioVersion = 10.0.40219.1
Project("{FAE04EC0-301F-11D3-BF4B-00C04F79EFBC}") = "web-role", "dotnet-starter-app\web-role.csproj", "{5CBBA06B-B687-4B6C-81DD-6D2E95ED8B6B}"
EndProject
Project("{2150E333-8FDC-42A3-9474-1A3956D46DE8}") = ".nuget", ".nuget", "{2E9625B6-299F-4F6D-89BC-E32FE299D463}"
	ProjectSection(SolutionItems) = preProject
		.nuget\NuGet.Config = .nuget\NuGet.Config
		.nuget\NuGet.exe = .nuget\NuGet.exe
		.nuget\NuGet.targets = .nuget\NuGet.targets
	EndProjectSection
EndProject
Project("{FAE04EC0-301F-11D3-BF4B-00C04F79EFBC}") = "ServiceTestClient", "ServiceTestClient\ServiceTestClient.csproj", "{A6145DED-754D-4A7C-B158-739A3CF711FA}"
EndProject
Project("{2150E333-8FDC-42A3-9474-1A3956D46DE8}") = "Solution Items", "Solution Items", "{71782135-1043-4AF0-872F-6FBBB29A88D7}"
	ProjectSection(SolutionItems) = preProject
		manifest.yml = manifest.yml
	EndProjectSection
EndProject
Global
	GlobalSection(SolutionConfigurationPlatforms) = preSolution
		Debug|Any CPU = Debug|Any CPU
		Release|Any CPU = Release|Any CPU
	EndGlobalSection
	GlobalSection(ProjectConfigurationPlatforms) = postSolution
		{5CBBA06B-B687-4B6C-81DD-6D2E95ED8B6B}.Debug|Any CPU.ActiveCfg = Debug|Any CPU
		{5CBBA06B-B687-4B6C-81DD-6D2E95ED8B6B}.Debug|Any CPU.Build.0 = Debug|Any CPU
		{5CBBA06B-B687-4B6C-81DD-6D2E95ED8B6B}.Release|Any CPU.ActiveCfg = Release|Any CPU
		{5CBBA06B-B687-4B6C-81DD-6D2E95ED8B6B}.Release|Any CPU.Build.0 = Release|Any CPU
		{A6145DED-754D-4A7C-B158-739A3CF711FA}.Debug|Any CPU.ActiveCfg = Debug|Any CPU
		{A6145DED-754D-4A7C-B158-739A3CF711FA}.Debug|Any CPU.Build.0 = Debug|Any CPU
		{A6145DED-754D-4A7C-B158-739A3CF711FA}.Release|Any CPU.ActiveCfg = Release|Any CPU
		{A6145DED-754D-4A7C-B158-739A3CF711FA}.Release|Any CPU.Build.0 = Release|Any CPU
	EndGlobalSection
	GlobalSection(SolutionProperties) = preSolution
		HideSolutionNode = FALSE
	EndGlobalSection
EndGlobal
